<?xml version="1.0" encoding="utf-8"?>
<Project ToolsVersion="4.0" xmlns="http://schemas.microsoft.com/developer/msbuild/2003">
  <ItemGroup>
    <ClCompile Include="Src\c_gclip.cpp" />
    <ClCompile Include="Src\D3D9DrvRTX.cpp" />
    <ClCompile Include="Src\D3D9Render.cpp" />
    <ClCompile Include="Src\D3D9RenderDevice.cpp" />
    <ClCompile Include="Src\D3D9DebugUtils.cpp" />
  </ItemGroup>
  <ItemGroup>
    <ClInclude Include="Inc\c_rbtree.h" />
    <ClInclude Include="Inc\D3D9Render.h" />
    <ClInclude Include="Inc\D3D9RenderDevice.h" />
    <ClInclude Include="Inc\D3D9DebugUtils.h" />
    <ClInclude Include="Inc\c_gclip.h" />
    <ClInclude Include="resource.h" />
  </ItemGroup>
  <ItemGroup>
    <None Include="cpp.hint" />
  </ItemGroup>
  <ItemGroup>
    <ResourceCompile Include="D3D9DrvRTX.rc" />
  </ItemGroup>
</Project>